{
  "name": "demo",
  "version": "0.1.0",
  "lockfileVersion": 1,
  "requires": true,
  "dependencies": {
    "@emnapi/runtime": {
      "version": "1.11.3",
      "resolved": "https://registry.npmjs.org/@emnapi/runtime/-/runtime-1.11.3.tgz",
      "integrity": "sha512-Xz4Tpyki7XyrpbUK1jR1AhdAdaXyhhY4lZ3neLodmhpuWfy2PAQN5B46sAiU4liOXGLkHypn/qU+jvfWSCYYLA==",
      "optional": true,
      "requires": {
        "tslib": "^2.4.0"
      }
    },
    "@img/colour": {
      "version": "1.1.0",
      "resolved": "https://registry.npmjs.org/@img/colour/-/colour-1.1.0.tgz",
      "integrity": "sha512-Td76q7j57o/tLVdgS746cYARfSyxk8iEfRxewL9h4OMzYhbW4TAcppl0mT4eyqXddh6L/jwoM75mo7ixa/pCeQ==",
      "optional": true
    },
    "@img/sharp-darwin-arm64": {
      "version": "0.35.5",
      "resolved": "https://registry.npmjs.org/@img/sharp-darwin-arm64/-/sharp-darwin-arm64-0.35.5.tgz",
      "integrity": "sha512-QRUlFQ0WxvdWyqqG/WtI3iupfD5rBzmCHXSdPsY91sAtVtTo7Q4cb6zOccZ3gqEqkr0f1As1ehLqmEpDsRf+lg==",
      "optional": true,
      "requires": {
        "@img/sharp-libvips-darwin-arm64": "1.3.4"
      }
    },
    "@img/sharp-darwin-x64": {
      "version": "0.35.5",
      "resolved": "https://registry.npmjs.org/@img/sharp-darwin-x64/-/sharp-darwin-x64-0.35.5.tgz",
      "integrity": "sha512-+BR255RhDlpygUpOc/Jdt1nT6DQ3XG/ERo5wbcdOf5Q320dKtPCKPLR1LJs9VGXRaMa8l1uUa0tkCNOXiAxZUw==",
      "optional": true,
      "requires": {
        "@img/sharp-libvips-darwin-x64": "1.3.4"
      }
    },
    "@img/sharp-freebsd-wasm32": {
      "version": "0.35.5",
      "resolved": "https://registry.npmjs.org/@img/sharp-freebsd-wasm32/-/sharp-freebsd-wasm32-0.35.5.tgz",
      "integrity": "sha512-Y/z91nEZ4uIBX5X3nfTovjU9lHNKFYbL2lpHCLVNmXQK03VIZvXBBt0KxbPGp2SdGSF+2mQU4e+hQaWOt86iAw==",
      "optional": true,
      "requires": {
        "@img/sharp-wasm32": "0.35.5"
      }
    },
    "@img/sharp-libvips-darwin-arm64": {
      "version": "1.3.4",
      "resolved": "https://registry.npmjs.org/@img/sharp-libvips-darwin-arm64/-/sharp-libvips-darwin-arm64-1.3.4.tgz",
      "integrity": "sha512-5R89nBYiRdUlSWJxPhO+GVtaXzXSxKnRu/xqMn3KTA3L9EB9Oy/P+Nn2f2vlhPuUdy/Zusb2DarbyTpGCfEDuw==",
      "optional": true
    },
    "@img/sharp-libvips-darwin-x64": {
      "version": "1.3.4",
      "resolved": "https://registry.npmjs.org/@img/sharp-libvips-darwin-x64/-/sharp-libvips-darwin-x64-1.3.4.tgz",
      "integrity": "sha512-iR2OKH80yi0U+dUplyh3/xdpFvps6YkCwsXenIJxqxR1v9o+xtKTGbS9H7cps+2Vxjc8B1j96p75NmTGjIhtpQ==",
      "optional": true
    },
    "@img/sharp-libvips-linux-arm": {
      "version": "1.3.4",
      "resolved": "https://registry.npmjs.org/@img/sharp-libvips-linux-arm/-/sharp-libvips-linux-arm-1.3.4.tgz",
      "integrity": "sha512-LmRtTsOHuvM2+wlO2Db37dx5MiZhB0FvSunciw48YjdOkZz9KAiRbm8ujeMOA1INqmei5NapFxYEK1D1ZSidmw==",
      "optional": true
    },
    "@img/sharp-libvips-linux-arm64": {
      "version": "1.3.4",
      "resolved": "https://registry.npmjs.org/@img/sharp-libvips-linux-arm64/-/sharp-libvips-linux-arm64-1.3.4.tgz",
      "integrity": "sha512-Y3dgX/6lE2QhQb+Gxy0WZxfg9MEm/JBjamZpS2IklP7xIQoKN4hzAm7KcMVGtaVDt3neE9OKBC7vAfonA/Lr1A==",
      "optional": true
    },
    "@img/sharp-libvips-linux-ppc64": {
      "version": "1.3.4",
      "resolved": "https://registry.npmjs.org/@img/sharp-libvips-linux-ppc64/-/sharp-libvips-linux-ppc64-1.3.4.tgz",
      "integrity": "sha512-Le6boB8Tai0Nis+gIxIpKx68UDVVIqdR8Tin5Yf1z2LJJQLDJvCDRqRu+jC2qCoD+eIomonmOwB4smBRxfVpYQ==",
      "optional": true
    },
    "@img/sharp-libvips-linux-riscv64": {
      "version": "1.3.4",
      "resolved": "https://registry.npmjs.org/@img/sharp-libvips-linux-riscv64/-/sharp-libvips-linux-riscv64-1.3.4.tgz",
      "integrity": "sha512-aHkkIEHPRdQEegJN20MLmGtxYD9R2wQr3Cwpddnu5+YKMt6Uzax7S9h5gpZTo8wyrGuZSlfQ63OevL5mTyOC7Q==",
      "optional": true
    },
    "@img/sharp-libvips-linux-s390x": {
      "version": "1.3.4",
      "resolved": "https://registry.npmjs.org/@img/sharp-libvips-linux-s390x/-/sharp-libvips-linux-s390x-1.3.4.tgz",
      "integrity": "sha512-ra/mB6MikESDUO7Yg+Mi95bFBb9GsObURuhnOv3OqknjGe9sZrG8tCe9q0xSIGrtLgvgw0gKnFWcK4blSgQOuQ==",
      "optional": true
    },
    "@img/sharp-libvips-linux-x64": {
      "version": "1.3.4",
      "resolved": "https://registry.npmjs.org/@img/sharp-libvips-linux-x64/-/sharp-libvips-linux-x64-1.3.4.tgz",
      "integrity": "sha512-GJ//SSXbnwSDes02umB3nDJLFcQzw8a18V8fyhqr6tV515tOEMdImjjxj1AoafMRz56F3PHgftnj1QEKSU1zkw==",
      "optional": true
    },
    "@img/sharp-libvips-linuxmusl-arm64": {
      "version": "1.3.4",
      "resolved": "https://registry.npmjs.org/@img/sharp-libvips-linuxmusl-arm64/-/sharp-libvips-linuxmusl-arm64-1.3.4.tgz",
      "integrity": "sha512-hvulFwtjUcagsis6BBxHwGFwWoNZjgYmULGVrZcyfNbjA8hKILbRxGg15/7w5HDyXHXUos/j6baAWqnCyQ2DWA==",
      "optional": true
    },
    "@img/sharp-libvips-linuxmusl-x64": {
      "version": "1.3.4",
      "resolved": "https://registry.npmjs.org/@img/sharp-libvips-linuxmusl-x64/-/sharp-libvips-linuxmusl-x64-1.3.4.tgz",
      "integrity": "sha512-6zXKeE/p39I1AmA3cJG35eyBGNqNddLnUXjhwBnsGjFPWqf5VKkDBEqaEkPDoTEtkxwi2vv8Tcr2mDyP4So7Fg==",
      "optional": true
    },
    "@img/sharp-linux-arm": {
      "version": "0.35.5",
      "resolved": "https://registry.npmjs.org/@img/sharp-linux-arm/-/sharp-linux-arm-0.35.5.tgz",
      "integrity": "sha512-LEaXK2WdXVK5ykcw0buWyPMsmLLL2vpHLD6yrNSW+JGEL3BZPA4tpKN6iaMc4AxTTAoaX/sU1rOL51lcIz48ZQ==",
      "optional": true,
      "requires": {
        "@img/sharp-libvips-linux-arm": "1.3.4"
      }
    },
    "@img/sharp-linux-arm64": {
      "version": "0.35.5",
      "resolved": "https://registry.npmjs.org/@img/sharp-linux-arm64/-/sharp-linux-arm64-0.35.5.tgz",
      "integrity": "sha512-LYVx5JTsOM2CBzmxreh+nl64/3H6Xb09iSLknqH47z2T2DFFxDeFLP5y4dJwe6H7uGQlHPyEEtIqyo3DYsRwdQ==",
      "optional": true,
      "requires": {
        "@img/sharp-libvips-linux-arm64": "1.3.4"
      }
    },
    "@img/sharp-linux-ppc64": {
      "version": "0.35.5",
      "resolved": "https://registry.npmjs.org/@img/sharp-linux-ppc64/-/sharp-linux-ppc64-0.35.5.tgz",
      "integrity": "sha512-QVxAAq8evVRI9ia2vqgwrmWucn5Dfv+JdWzj75pD8omHLPSP7f8p20O8jxzjCcuCEQEOtYOZUmX1hkiZ0kdevA==",
      "optional": true,
      "requires": {
        "@img/sharp-libvips-linux-ppc64": "1.3.4"
      }
    },
    "@img/sharp-linux-riscv64": {
      "version": "0.35.5",
      "resolved": "https://registry.npmjs.org/@img/sharp-linux-riscv64/-/sharp-linux-riscv64-0.35.5.tgz",
      "integrity": "sha512-LtdreXguaavKODPIfzJ4kffx7UNt1omwtK0rch4EBbbSTXPnxWmYSayXdLJw0fJzQ97kHt1gL/yh4tvU+nCyRQ==",
      "optional": true,
      "requires": {
        "@img/sharp-libvips-linux-riscv64": "1.3.4"
      }
    },
    "@img/sharp-linux-s390x": {
      "version": "0.35.5",
      "resolved": "https://registry.npmjs.org/@img/sharp-linux-s390x/-/sharp-linux-s390x-0.35.5.tgz",
      "integrity": "sha512-UZasTOFiYzotTsGOCu42BfUzP6Tu6Do/947iRm1RsLKvlllxwGcn4RN27LibGWceix4Y+Pmw3jsnTcCQIgWjqA==",
      "optional": true,
      "requires": {
        "@img/sharp-libvips-linux-s390x": "1.3.4"
      }
    },
    "@img/sharp-linux-x64": {
      "version": "0.35.5",
      "resolved": "https://registry.npmjs.org/@img/sharp-linux-x64/-/sharp-linux-x64-0.35.5.tgz",
      "integrity": "sha512-SxFtLTeJInhAA9Q836kux2vZNeOBQEx658qvbboZScr0wIARym3IcGmW7KpVD5sbVg0Ojy+udFQdayYIZyoNog==",
      "optional": true,
      "requires": {
        "@img/sharp-libvips-linux-x64": "1.3.4"
      }
    },
    "@img/sharp-linuxmusl-arm64": {
      "version": "0.35.5",
      "resolved": "https://registry.npmjs.org/@img/sharp-linuxmusl-arm64/-/sharp-linuxmusl-arm64-0.35.5.tgz",
      "integrity": "sha512-9HbMclmI1zlNkFRs3z9/eBtDjfD0sGlrX1z6b1qwmiFY5ElDLh4BC0LPBdVp7z1DXFiKlIcznf+ZlsuZzLxQqg==",
      "optional": true,
      "requires": {
        "@img/sharp-libvips-linuxmusl-arm64": "1.3.4"
      }
    },
    "@img/sharp-linuxmusl-x64": {
      "version": "0.35.5",
      "resolved": "https://registry.npmjs.org/@img/sharp-linuxmusl-x64/-/sharp-linuxmusl-x64-0.35.5.tgz",
      "integrity": "sha512-4KOphqB035HrVdqLZfCgMzzERrQkkzOwRhl4OAkRO1YCldbaFjySXMaK534Mo0V+LndnlJk+sbUyLeU0ULyD1A==",
      "optional": true,
      "requires": {
        "@img/sharp-libvips-linuxmusl-x64": "1.3.4"
      }
    },
    "@img/sharp-wasm32": {
      "version": "0.35.5",
      "resolved": "https://registry.npmjs.org/@img/sharp-wasm32/-/sharp-wasm32-0.35.5.tgz",
      "integrity": "sha512-Ptsga1su4tQx+LLF1ECS9U6nz5kmrXKo6XVbtR48Ke3ZRxxgaWBu7IDtEe1quo8hiupwm6WFqxVlXaSf7IINGQ==",
      "optional": true,
      "requires": {
        "@emnapi/runtime": "^1.11.3"
      }
    },
    "@img/sharp-webcontainers-wasm32": {
      "version": "0.35.5",
      "resolved": "https://registry.npmjs.org/@img/sharp-webcontainers-wasm32/-/sharp-webcontainers-wasm32-0.35.5.tgz",
      "integrity": "sha512-hfhF/FmoQyTUkA0bIKFOtw536BQSeBMe6BF6QyWlrPxT754+TFLaZ7sKKTfvvM0yJgKgaYTwnFCIZ/GuDw5SUA==",
      "optional": true,
      "requires": {
        "@img/sharp-wasm32": "0.35.5"
      }
    },
    "@img/sharp-win32-arm64": {
      "version": "0.35.5",
      "resolved": "https://registry.npmjs.org/@img/sharp-win32-arm64/-/sharp-win32-arm64-0.35.5.tgz",
      "integrity": "sha512-X4t7g+7ZA5DKblCBEXGjUqqemj4vczING/5viFwAL8h4N3qYeyjwdCvRLHi4EdOUI+2Z7UFlp1VM+p/AuEtm6Q==",
      "optional": true
    },
    "@img/sharp-win32-ia32": {
      "version": "0.35.5",
      "resolved": "https://registry.npmjs.org/@img/sharp-win32-ia32/-/sharp-win32-ia32-0.35.5.tgz",
      "integrity": "sha512-5Zm82LoBc43nhwNybZlG7Y1KO//Zhsn306fQl29ZOuStHLGTo3BWL83q3cznX0poxSAMuYL1On/BHBxkBeKr6A==",
      "optional": true
    },
    "@img/sharp-win32-x64": {
      "version": "0.35.5",
      "resolved": "https://registry.npmjs.org/@img/sharp-win32-x64/-/sharp-win32-x64-0.35.5.tgz",
      "integrity": "sha512-x76eH0vEiHlcMQu8Y8IenntaACtddpT6W0wmXtWrnKcnKI7ME5DdgqhAD6SEWOEl1v2zDvkZDhFA9KnURwpfqg==",
      "optional": true
    },
    "@next/env": {
      "version": "15.5.24",
      "resolved": "https://registry.npmjs.org/@next/env/-/env-15.5.24.tgz",
      "integrity": "sha512-mBDF7T0XKZjs9SpUAl0buizVO+O02ULjOvWX8o/AZo/5AGw/UAS1Zzcylmd4pqbftzmKQi+L/nB4jgBYKEAl5Q=="
    },
    "@next/swc-darwin-arm64": {
      "version": "15.5.24",
      "resolved": "https://registry.npmjs.org/@next/swc-darwin-arm64/-/swc-darwin-arm64-15.5.24.tgz",
      "integrity": "sha512-AGdNLvxZNY6eR2iSnV+6wUa8CiHTMr4F7g3uHH7fT4ICIJBE00R9u4tzN/Vuwsw0cOi8MTD2HJcTCb6siMH88Q==",
      "optional": true
    },
    "@next/swc-darwin-x64": {
      "version": "15.5.24",
      "resolved": "https://registry.npmjs.org/@next/swc-darwin-x64/-/swc-darwin-x64-15.5.24.tgz",
      "integrity": "sha512-9HrQajBMmGcrrrvDfRimiCrbAPh3E6uHJmwBovYr6Yrmi9p9PZqI876BrXX280wICh3o2XwUlp4blkB0NNBqFg==",
      "optional": true
    },
    "@next/swc-linux-arm64-gnu": {
      "version": "15.5.24",
      "resolved": "https://registry.npmjs.org/@next/swc-linux-arm64-gnu/-/swc-linux-arm64-gnu-15.5.24.tgz",
      "integrity": "sha512-rl9LSfE75si0WT3cDgdUC1XYCKS+TgxC+/IjitmeycrAG18X/plIP1/vy8dd/HPycYcIvE688PD7FuvEAiEAew==",
      "optional": true
    },
    "@next/swc-linux-arm64-musl": {
      "version": "15.5.24",
      "resolved": "https://registry.npmjs.org/@next/swc-linux-arm64-musl/-/swc-linux-arm64-musl-15.5.24.tgz",
      "integrity": "sha512-TlNAnpsjxSF3aAUtqnfmtXXf8m9sIDBlmF3c7bTAlnshUYu2U0OxN2uf5d0gcFwqHVEdivJNBcCaqNOwPGNimw==",
      "optional": true
    },
    "@next/swc-linux-x64-gnu": {
      "version": "15.5.24",
      "resolved": "https://registry.npmjs.org/@next/swc-linux-x64-gnu/-/swc-linux-x64-gnu-15.5.24.tgz",
      "integrity": "sha512-7dwtlhr0SLndqTG1z9ncRkbJswDZiKWlxzFyXDvJ2RDZRDRHp8zyMJ4D9UH/FgnQeXxxB6gZy2pMcIUoNKQ4pA==",
      "optional": true
    },
    "@next/swc-linux-x64-musl": {
      "version": "15.5.24",
      "resolved": "https://registry.npmjs.org/@next/swc-linux-x64-musl/-/swc-linux-x64-musl-15.5.24.tgz",
      "integrity": "sha512-kGZxM+WhkYs0276lFrMkj7PRtXT3Btp6cwvfSO/cCVLxJJttB5Ccnl2niaCgUja8HgSbEVnMHpg3FJWoOJ9e/g==",
      "optional": true
    },
    "@next/swc-win32-arm64-msvc": {
      "version": "15.5.24",
      "resolved": "https://registry.npmjs.org/@next/swc-win32-arm64-msvc/-/swc-win32-arm64-msvc-15.5.24.tgz",
      "integrity": "sha512-jBDDkZ/qKAqkWivWDMkJSXUzbzV0QKRBKJjEHUAvSB97Hzw7NLzJ6yV56Lts/wjir7s4P31GYgpbS6ZL+hasAA==",
      "optional": true
    },
    "@next/swc-win32-x64-msvc": {
      "version": "15.5.24",
      "resolved": "https://registry.npmjs.org/@next/swc-win32-x64-msvc/-/swc-win32-x64-msvc-15.5.24.tgz",
      "integrity": "sha512-JqtwjvvorjacQ0spgjmUJoxySoYgPwdT1sFdQ0/zmW4iMlP2hjYlCoJIyS7o6Epb4Fug8eco3HXFoBDUCDeH7Q==",
      "optional": true
    },
    "@rogal/react-translate": {
      "version": "1.0.2",
      "resolved": "https://registry.npmjs.org/@rogal/react-translate/-/react-translate-1.0.2.tgz",
      "integrity": "sha512-gzij1yacNL/sF5IlBlf7monGUxs5ja6DLHHjw3Sa9xevobIWX34W1lDW4hUD7Zvh2NhyugLeaZG66dtgT87/Cg==",
      "requires": {
        "html-react-parser": "1.0.0"
      }
    },
    "@swc/helpers": {
      "version": "0.5.15",
      "resolved": "https://registry.npmjs.org/@swc/helpers/-/helpers-0.5.15.tgz",
      "integrity": "sha512-JQ5TuMi45Owi4/BIMAJBoSQoOJu12oOk/gADqlcUL9JEdHB8vyjUSsxqeNXnmXHjYKMi2WcYtezGEEhqUI/E2g==",
      "requires": {
        "tslib": "^2.8.0"
      }
    },
    "caniuse-lite": {
      "version": "1.0.30001814",
      "resolved": "https://registry.npmjs.org/caniuse-lite/-/caniuse-lite-1.0.30001814.tgz",
      "integrity": "sha512-/Uaf1lAzr59XcMpW0o96WoEfr+VXK2OX4U9AgFoiSHsVJ4HppnIFUjtYzsyDH2+tgANaQb2/oxYGwCPapN1FpA=="
    },
    "client-only": {
      "version": "0.0.1",
      "resolved": "https://registry.npmjs.org/client-only/-/client-only-0.0.1.tgz",
      "integrity": "sha512-IV3Ou0jSMzZrd3pZ48nLkT9DA7Ag1pnPzaiQhpW7c3RbcqqzvzzVu+L8gfqMp/8IM2MQtSiqaCxrrcfu8I8rMA=="
    },
    "detect-libc": {
      "version": "2.1.2",
      "resolved": "https://registry.npmjs.org/detect-libc/-/detect-libc-2.1.2.tgz",
      "integrity": "sha512-Btj2BOOO83o3WyH59e8MgXsxEQVcarkUOpEYrubB0urwnN10yQ364rsiByU11nZlqWYZm05i/of7io4mzihBtQ==",
      "optional": true
    },
    "dom-serializer": {
      "version": "1.2.0",
      "resolved": "https://registry.npmjs.org/dom-serializer/-/dom-serializer-1.2.0.tgz",
      "integrity": "sha512-n6kZFH/KlCrqs/1GHMOd5i2fd/beQHuehKdWvNNffbGHTr/almdhuVvTVFb3V7fglz+nC50fFusu3lY33h12pA==",
      "requires": {
        "domelementtype": "^2.0.1",
        "domhandler": "^4.0.0",
        "entities": "^2.0.0"
      },
      "dependencies": {
        "domhandler": {
          "version": "4.0.0",
          "resolved": "https://registry.npmjs.org/domhandler/-/domhandler-4.0.0.tgz",
          "integrity": "sha512-KPTbnGQ1JeEMQyO1iYXoagsI6so/C96HZiFyByU3T6iAzpXn8EGEvct6unm1ZGoed8ByO2oirxgwxBmqKF9haA==",
          "requires": {
            "domelementtype": "^2.1.0"
          }
        }
      }
    },
    "domelementtype": {
      "version": "2.1.0",
      "resolved": "https://registry.npmjs.org/domelementtype/-/domelementtype-2.1.0.tgz",
      "integrity": "sha512-LsTgx/L5VpD+Q8lmsXSHW2WpA+eBlZ9HPf3erD1IoPF00/3JKHZ3BknUVA2QGDNu69ZNmyFmCWBSO45XjYKC5w=="
    },
    "domhandler": {
      "version": "3.3.0",
      "resolved": "https://registry.npmjs.org/domhandler/-/domhandler-3.3.0.tgz",
      "integrity": "sha512-J1C5rIANUbuYK+FuFL98650rihynUOEzRLxW+90bKZRWB6A1X1Tf82GxR1qAWLyfNPRvjqfip3Q5tdYlmAa9lA==",
      "requires": {
        "domelementtype": "^2.0.1"
      }
    },
    "domutils": {
      "version": "2.4.4",
      "resolved": "https://registry.npmjs.org/domutils/-/domutils-2.4.4.tgz",
      "integrity": "sha512-jBC0vOsECI4OMdD0GC9mGn7NXPLb+Qt6KW1YDQzeQYRUFKmNG8lh7mO5HiELfr+lLQE7loDVI4QcAxV80HS+RA==",
      "requires": {
        "dom-serializer": "^1.0.1",
        "domelementtype": "^2.0.1",
        "domhandler": "^4.0.0"
      },
      "dependencies": {
        "domhandler": {
          "version": "4.0.0",
          "resolved": "https://registry.npmjs.org/domhandler/-/domhandler-4.0.0.tgz",
          "integrity": "sha512-KPTbnGQ1JeEMQyO1iYXoagsI6so/C96HZiFyByU3T6iAzpXn8EGEvct6unm1ZGoed8ByO2oirxgwxBmqKF9haA==",
          "requires": {
            "domelementtype": "^2.1.0"
          }
        }
      }
    },
    "entities": {
      "version": "2.1.0",
      "resolved": "https://registry.npmjs.org/entities/-/entities-2.1.0.tgz",
      "integrity": "sha512-hCx1oky9PFrJ611mf0ifBLBRW8lUUVRlFolb5gWRfIELabBlbp9xZvrqZLZAs+NxFnbfQoeGd8wDkygjg7U85w=="
    },
    "html-dom-parser": {
      "version": "0.5.0",
      "resolved": "https://registry.npmjs.org/html-dom-parser/-/html-dom-parser-0.5.0.tgz",
      "integrity": "sha512-N4hk1psn5dZindN0zo+uC7ssPWaXi18EDt9N/GV2JVW/vsK5rNV7X11VkQh2YxMDc+K/p0Uv5hauCRfI08iq5w==",
      "requires": {
        "domhandler": "3.3.0",
        "htmlparser2": "4.1.0"
      }
    },
    "html-react-parser": {
      "version": "1.0.0",
      "resolved": "https://registry.npmjs.org/html-react-parser/-/html-react-parser-1.0.0.tgz",
      "integrity": "sha512-rBvIae/JCykQTfFYrjc8a65bJpprE4GHnj5IsoIm+4NEMHsyrgLYmdTtH5uM0YwCOH+LyWZMsGWBQMQJFRffYQ==",
      "requires": {
        "html-dom-parser": "0.5.0",
        "react-property": "1.0.1",
        "style-to-js": "1.1.0"
      }
    },
    "htmlparser2": {
      "version": "4.1.0",
      "resolved": "https://registry.npmjs.org/htmlparser2/-/htmlparser2-4.1.0.tgz",
      "integrity": "sha512-4zDq1a1zhE4gQso/c5LP1OtrhYTncXNSpvJYtWJBtXAETPlMfi3IFNjGuQbYLuVY4ZR0QMqRVvo4Pdy9KLyP8Q==",
      "requires": {
        "domelementtype": "^2.0.1",
        "domhandler": "^3.0.0",
        "domutils": "^2.0.0",
        "entities": "^2.0.0"
      }
    },
    "inline-style-parser": {
      "version": "0.1.1",
      "resolved": "https://registry.npmjs.org/inline-style-parser/-/inline-style-parser-0.1.1.tgz",
      "integrity": "sha512-7NXolsK4CAS5+xvdj5OMMbI962hU/wvwoxk+LWR9Ek9bVtyuuYScDN6eS0rUm6TxApFpw7CX1o4uJzcd4AyD3Q=="
    },
    "js-tokens": {
      "version": "4.0.0",
      "resolved": "https://registry.npmjs.org/js-tokens/-/js-tokens-4.0.0.tgz",
      "integrity": "sha512-RdJUflcE3cUzKiMqQgsCu06FPu9UdIJO0beYbPhHN4k6apgJtifcoCtT9bcxOpYBtpD2kCM6Sbzg4CausW/PKQ=="
    },
    "loose-envify": {
      "version": "1.4.0",
      "resolved": "https://registry.npmjs.org/loose-envify/-/loose-envify-1.4.0.tgz",
      "integrity": "sha512-lyuxPGr/Wfhrlem2CL/UcnUc1zcqKAImBDzukY7Y5F/yQiNdko6+fRLevlw1HgMySw7f611UIY408EtxRSoK3Q==",
      "requires": {
        "js-tokens": "^3.0.0 || ^4.0.0"
      }
    },
    "nanoid": {
      "version": "3.3.19",
      "resolved": "https://registry.npmjs.org/nanoid/-/nanoid-3.3.19.tgz",
      "integrity": "sha512-Y2tUNy4ouw6tq5oDSKeQYGOyhkUBhNOcGV/02KC+6kd9eDGqdZd++mjMiIDilrBYvjEnCYvVtsuHCuP+okSfug=="
    },
    "next": {
      "version": "15.5.24",
      "resolved": "https://registry.npmjs.org/next/-/next-15.5.24.tgz",
      "integrity": "sha512-Y+xn8EQCoC3ZbsFPyzE+tE8XOdrWeUdUF7NeXbmg9DsgAxl5UYxlsrvgVESHTyTGigoTa1bCUrxn70F5bqt0Gw==",
      "requires": {
        "@next/env": "15.5.24",
        "@next/swc-darwin-arm64": "15.5.24",
        "@next/swc-darwin-x64": "15.5.24",
        "@next/swc-linux-arm64-gnu": "15.5.24",
        "@next/swc-linux-arm64-musl": "15.5.24",
        "@next/swc-linux-x64-gnu": "15.5.24",
        "@next/swc-linux-x64-musl": "15.5.24",
        "@next/swc-win32-arm64-msvc": "15.5.24",
        "@next/swc-win32-x64-msvc": "15.5.24",
        "@swc/helpers": "0.5.15",
        "caniuse-lite": "^1.0.30001579",
        "postcss": "8.4.31",
        "sharp": "^0.34.3 || ^0.35.3",
        "styled-jsx": "5.1.6"
      }
    },
    "object-assign": {
      "version": "4.1.1",
      "resolved": "https://registry.npmjs.org/object-assign/-/object-assign-4.1.1.tgz",
      "integrity": "sha1-IQmtx5ZYh8/AXLvUQsrIv7s2CGM="
    },
    "picocolors": {
      "version": "1.1.1",
      "resolved": "https://registry.npmjs.org/picocolors/-/picocolors-1.1.1.tgz",
      "integrity": "sha512-xceH2snhtb5M9liqDsmEw56le376mTZkEX/jEb/RxNFyegNul7eNslCXP9FDj/Lcu0X8KEyMceP2ntpaHrDEVA=="
    },
    "postcss": {
      "version": "8.4.31",
      "resolved": "https://registry.npmjs.org/postcss/-/postcss-8.4.31.tgz",
      "integrity": "sha512-PS08Iboia9mts/2ygV3eLpY5ghnUcfLV/EXTOW1E2qYxJKGGBUtNjN76FYHnMs36RmARn41bC0AZmn+rR0OVpQ==",
      "requires": {
        "nanoid": "^3.3.6",
        "picocolors": "^1.0.0",
        "source-map-js": "^1.0.2"
      }
    },
    "react": {
      "version": "17.0.2",
      "resolved": "https://registry.npmjs.org/react/-/react-17.0.2.tgz",
      "integrity": "sha512-gnhPt75i/dq/z3/6q/0asP78D0u592D5L1pd7M8P+dck6Fu/jJeL6iVVK23fptSUZj8Vjf++7wXA8UNclGQcbA==",
      "requires": {
        "loose-envify": "^1.1.0",
        "object-assign": "^4.1.1"
      }
    },
    "react-dom": {
      "version": "17.0.2",
      "resolved": "https://registry.npmjs.org/react-dom/-/react-dom-17.0.2.tgz",
      "integrity": "sha512-s4h96KtLDUQlsENhMn1ar8t2bEa+q/YAtj8pPPdIjPDGBDIVNsrD9aXNWqspUe6AzKCIG0C1HZZLqLV7qpOBGA==",
      "requires": {
        "loose-envify": "^1.1.0",
        "object-assign": "^4.1.1",
        "scheduler": "^0.20.2"
      }
    },
    "react-property": {
      "version": "1.0.1",
      "resolved": "https://registry.npmjs.org/react-property/-/react-property-1.0.1.tgz",
      "integrity": "sha512-1tKOwxFn3dXVomH6pM9IkLkq2Y8oh+fh/lYW3MJ/B03URswUTqttgckOlbxY2XHF3vPG6uanSc4dVsLW/wk3wQ=="
    },
    "scheduler": {
      "version": "0.20.2",
      "resolved": "https://registry.npmjs.org/scheduler/-/scheduler-0.20.2.tgz",
      "integrity": "sha512-2eWfGgAqqWFGqtdMmcL5zCMK1U8KlXv8SQFGglL3CEtd0aDVDWgeF/YoCmvln55m5zSk3J/20hTaSBeSObsQDQ==",
      "requires": {
        "loose-envify": "^1.1.0",
        "object-assign": "^4.1.1"
      }
    },
    "semver": {
      "version": "7.8.5",
      "resolved": "https://registry.npmjs.org/semver/-/semver-7.8.5.tgz",
      "integrity": "sha512-Y7/KDsb8LjooZpwaqGyulO6DQlksgCncchHGk+sZIY4SBvUocMBEFH5Ur1fI4dV+Jvl0w6cjvucaIi40puRioA==",
      "optional": true
    },
    "sharp": {
      "version": "0.35.5",
      "resolved": "https://registry.npmjs.org/sharp/-/sharp-0.35.5.tgz",
      "integrity": "sha512-Ywn4OnzGukp7CDMrp08RQ50YKmuwG47brZgIVPTvBaaAfQlRlygrRqSrxdCiL9M+LlzLBiJ68IR1QqvzHyjC7g==",
      "optional": true,
      "requires": {
        "@img/colour": "^1.1.0",
        "@img/sharp-darwin-arm64": "0.35.5",
        "@img/sharp-darwin-x64": "0.35.5",
        "@img/sharp-freebsd-wasm32": "0.35.5",
        "@img/sharp-libvips-darwin-arm64": "1.3.4",
        "@img/sharp-libvips-darwin-x64": "1.3.4",
        "@img/sharp-libvips-linux-arm": "1.3.4",
        "@img/sharp-libvips-linux-arm64": "1.3.4",
        "@img/sharp-libvips-linux-ppc64": "1.3.4",
        "@img/sharp-libvips-linux-riscv64": "1.3.4",
        "@img/sharp-libvips-linux-s390x": "1.3.4",
        "@img/sharp-libvips-linux-x64": "1.3.4",
        "@img/sharp-libvips-linuxmusl-arm64": "1.3.4",
        "@img/sharp-libvips-linuxmusl-x64": "1.3.4",
        "@img/sharp-linux-arm": "0.35.5",
        "@img/sharp-linux-arm64": "0.35.5",
        "@img/sharp-linux-ppc64": "0.35.5",
        "@img/sharp-linux-riscv64": "0.35.5",
        "@img/sharp-linux-s390x": "0.35.5",
        "@img/sharp-linux-x64": "0.35.5",
        "@img/sharp-linuxmusl-arm64": "0.35.5",
        "@img/sharp-linuxmusl-x64": "0.35.5",
        "@img/sharp-webcontainers-wasm32": "0.35.5",
        "@img/sharp-win32-arm64": "0.35.5",
        "@img/sharp-win32-ia32": "0.35.5",
        "@img/sharp-win32-x64": "0.35.5",
        "detect-libc": "^2.1.2",
        "semver": "^7.8.5"
      }
    },
    "source-map-js": {
      "version": "1.2.2",
      "resolved": "https://registry.npmjs.org/source-map-js/-/source-map-js-1.2.2.tgz",
      "integrity": "sha512-KGj/8Y43x35aZVDtt+J4mK1hoLGHULMYfSkODJNQjNDC3oW1PqPoxMwo0pLUsWM/UEGzON/NxeHywEfNXNP3Vw=="
    },
    "style-to-js": {
      "version": "1.1.0",
      "resolved": "https://registry.npmjs.org/style-to-js/-/style-to-js-1.1.0.tgz",
      "integrity": "sha512-1OqefPDxGrlMwcbfpsTVRyzwdhr4W0uxYQzeA2F1CBc8WG04udg2+ybRnvh3XYL4TdHQrCahLtax2jc8xaE6rA==",
      "requires": {
        "style-to-object": "0.3.0"
      }
    },
    "style-to-object": {
      "version": "0.3.0",
      "resolved": "https://registry.npmjs.org/style-to-object/-/style-to-object-0.3.0.tgz",
      "integrity": "sha512-CzFnRRXhzWIdItT3OmF8SQfWyahHhjq3HwcMNCNLn+N7klOOqPjMeG/4JSu77D7ypZdGvSzvkrbyeTMizz2VrA==",
      "requires": {
        "inline-style-parser": "0.1.1"
      }
    },
    "styled-jsx": {
      "version": "5.1.6",
      "resolved": "https://registry.npmjs.org/styled-jsx/-/styled-jsx-5.1.6.tgz",
      "integrity": "sha512-qSVyDTeMotdvQYoHWLNGwRFJHC+i+ZvdBRYosOFgC+Wg1vx4frN2/RG/NA7SYqqvKNLf39P2LSRA2pu6n0XYZA==",
      "requires": {
        "client-only": "0.0.1"
      }
    },
    "tslib": {
      "version": "2.8.1",
      "resolved": "https://registry.npmjs.org/tslib/-/tslib-2.8.1.tgz",
      "integrity": "sha512-oJFu94HQb+KVduSUQL7wnpmqnfmLsOA/nAh6b6EH0wCEoK0/mPeXU6c3wKDV83MkOuHPRHtSXKKU99IBazS/2w=="
    }
  }
}
